
Microsoft Visual Studio Solution File, Format Version 12.00
# Visual Studio Version 16
VisualStudioVersion = 16.0.30114.105
MinimumVisualStudioVersion = 10.0.40219.1
Project("{9A19103F-16F7-4668-BE54-9A1E7A4F7556}") = "ApiSharedMed", "ApiSharedMed\ApiSharedMed.csproj", "{2314D01F-722C-415A-B493-C717B49D58B3}"
EndProject
Project("{9A19103F-16F7-4668-BE54-9A1E7A4F7556}") = "ContextBD", "ContextBD\ContextBD.csproj", "{F363246D-180A-4B76-93DC-F27BA0912B05}"
EndProject
Global
	GlobalSection(SolutionConfigurationPlatforms) = preSolution
		Debug|Any CPU = Debug|Any CPU
		Release|Any CPU = Release|Any CPU
	EndGlobalSection
	GlobalSection(ProjectConfigurationPlatforms) = postSolution
		{2314D01F-722C-415A-B493-C717B49D58B3}.Debug|Any CPU.ActiveCfg = Debug|Any CPU
		{2314D01F-722C-415A-B493-C717B49D58B3}.Debug|Any CPU.Build.0 = Debug|Any CPU
		{2314D01F-722C-415A-B493-C717B49D58B3}.Release|Any CPU.ActiveCfg = Release|Any CPU
		{2314D01F-722C-415A-B493-C717B49D58B3}.Release|Any CPU.Build.0 = Release|Any CPU
		{F363246D-180A-4B76-93DC-F27BA0912B05}.Debug|Any CPU.ActiveCfg = Debug|Any CPU
		{F363246D-180A-4B76-93DC-F27BA0912B05}.Debug|Any CPU.Build.0 = Debug|Any CPU
		{F363246D-180A-4B76-93DC-F27BA0912B05}.Release|Any CPU.ActiveCfg = Release|Any CPU
		{F363246D-180A-4B76-93DC-F27BA0912B05}.Release|Any CPU.Build.0 = Release|Any CPU
	EndGlobalSection
	GlobalSection(SolutionProperties) = preSolution
		HideSolutionNode = FALSE
	EndGlobalSection
	GlobalSection(ExtensibilityGlobals) = postSolution
		SolutionGuid = {57BC68B7-231D-48D8-BBEF-4B38E001D9E0}
	EndGlobalSection
EndGlobal
